// !$*UTF8*$!
{
	archiveVersion = 1;
	classes = {
	};
	objectVersion = 46;
	objects = {

/* Begin PBXBuildFile section */
		062D7D861E84D79300A2D1F5 /* main.cpp in Sources */ = {isa = PBXBuildFile; fileRef = 062D7D851E84D79300A2D1F5 /* main.cpp */; };
		0642B49E1E4277B20096C294 /* main.cpp in Sources */ = {isa = PBXBuildFile; fileRef = 0642B49D1E4277B20096C294 /* main.cpp */; };
		0642B4A91E428FCC0096C294 /* main.cpp in Sources */ = {isa = PBXBuildFile; fileRef = 0642B4A81E428FCC0096C294 /* main.cpp */; };
		0642B4B41E4298530096C294 /* main.cpp in Sources */ = {isa = PBXBuildFile; fileRef = 0642B4B31E4298530096C294 /* main.cpp */; };
		06A937FE1E81CBED00BE0E09 /* main.cpp in Sources */ = {isa = PBXBuildFile; fileRef = 06A937FD1E81CBED00BE0E09 /* main.cpp */; };
		06B06F101E4C3E3F004A0C0B /* main.cpp in Sources */ = {isa = PBXBuildFile; fileRef = 06B06F0F1E4C3E3F004A0C0B /* main.cpp */; };
		06D866861E7B48A2009B9BFA /* main.cpp in Sources */ = {isa = PBXBuildFile; fileRef = 06D866851E7B48A2009B9BFA /* main.cpp */; };
		765FE3F71E3984BF0059A80C /* main.cpp in Sources */ = {isa = PBXBuildFile; fileRef = 765FE3F61E3984BF0059A80C /* main.cpp */; };
		765FE4041E3A70C70059A80C /* main.cpp in Sources */ = {isa = PBXBuildFile; fileRef = 765FE4031E3A70C70059A80C /* main.cpp */; };
		765FE40F1E3A9E0D0059A80C /* main.cpp in Sources */ = {isa = PBXBuildFile; fileRef = 765FE40E1E3A9E0D0059A80C /* main.cpp */; };
		D39687D61E43C53100EC6701 /* main.cpp in Sources */ = {isa = PBXBuildFile; fileRef = D39687D51E43C53100EC6701 /* main.cpp */; };
		D39687E11E446B9300EC6701 /* main.cpp in Sources */ = {isa = PBXBuildFile; fileRef = D39687E01E446B9300EC6701 /* main.cpp */; };
		D396A6011E68F16D00601694 /* main.cpp in Sources */ = {isa = PBXBuildFile; fileRef = D396A6001E68F16D00601694 /* main.cpp */; };
		D396A6221E6F513400601694 /* main.cpp in Sources */ = {isa = PBXBuildFile; fileRef = D396A6211E6F513400601694 /* main.cpp */; };
/* End PBXBuildFile section */

/* Begin PBXCopyFilesBuildPhase section */
		062D7D811E84D79300A2D1F5 /* CopyFiles */ = {
			isa = PBXCopyFilesBuildPhase;
			buildActionMask = 2147483647;
			dstPath = /usr/share/man/man1/;
			dstSubfolderSpec = 0;
			files = (
			);
			runOnlyForDeploymentPostprocessing = 1;
		};
		0642B4991E4277B20096C294 /* CopyFiles */ = {
			isa = PBXCopyFilesBuildPhase;
			buildActionMask = 2147483647;
			dstPath = /usr/share/man/man1/;
			dstSubfolderSpec = 0;
			files = (
			);
			runOnlyForDeploymentPostprocessing = 1;
		};
		0642B4A41E428FCC0096C294 /* CopyFiles */ = {
			isa = PBXCopyFilesBuildPhase;
			buildActionMask = 2147483647;
			dstPath = /usr/share/man/man1/;
			dstSubfolderSpec = 0;
			files = (
			);
			runOnlyForDeploymentPostprocessing = 1;
		};
		0642B4AF1E4298530096C294 /* CopyFiles */ = {
			isa = PBXCopyFilesBuildPhase;
			buildActionMask = 2147483647;
			dstPath = /usr/share/man/man1/;
			dstSubfolderSpec = 0;
			files = (
			);
			runOnlyForDeploymentPostprocessing = 1;
		};
		06A937F91E81CBED00BE0E09 /* CopyFiles */ = {
			isa = PBXCopyFilesBuildPhase;
			buildActionMask = 2147483647;
			dstPath = /usr/share/man/man1/;
			dstSubfolderSpec = 0;
			files = (
			);
			runOnlyForDeploymentPostprocessing = 1;
		};
		06B06F0B1E4C3E3F004A0C0B /* CopyFiles */ = {
			isa = PBXCopyFilesBuildPhase;
			buildActionMask = 2147483647;
			dstPath = /usr/share/man/man1/;
			dstSubfolderSpec = 0;
			files = (
			);
			runOnlyForDeploymentPostprocessing = 1;
		};
		06D866811E7B48A2009B9BFA /* CopyFiles */ = {
			isa = PBXCopyFilesBuildPhase;
			buildActionMask = 2147483647;
			dstPath = /usr/share/man/man1/;
			dstSubfolderSpec = 0;
			files = (
			);
			runOnlyForDeploymentPostprocessing = 1;
		};
		765FE3F11E3984BF0059A80C /* CopyFiles */ = {
			isa = PBXCopyFilesBuildPhase;
			buildActionMask = 2147483647;
			dstPath = /usr/share/man/man1/;
			dstSubfolderSpec = 0;
			files = (
			);
			runOnlyForDeploymentPostprocessing = 1;
		};
		765FE3FF1E3A70C70059A80C /* CopyFiles */ = {
			isa = PBXCopyFilesBuildPhase;
			buildActionMask = 2147483647;
			dstPath = /usr/share/man/man1/;
			dstSubfolderSpec = 0;
			files = (
			);
			runOnlyForDeploymentPostprocessing = 1;
		};
		765FE40A1E3A9E0D0059A80C /* CopyFiles */ = {
			isa = PBXCopyFilesBuildPhase;
			buildActionMask = 2147483647;
			dstPath = /usr/share/man/man1/;
			dstSubfolderSpec = 0;
			files = (
			);
			runOnlyForDeploymentPostprocessing = 1;
		};
		D39687D11E43C53100EC6701 /* CopyFiles */ = {
			isa = PBXCopyFilesBuildPhase;
			buildActionMask = 2147483647;
			dstPath = /usr/share/man/man1/;
			dstSubfolderSpec = 0;
			files = (
			);
			runOnlyForDeploymentPostprocessing = 1;
		};
		D39687DC1E446B9200EC6701 /* CopyFiles */ = {
			isa = PBXCopyFilesBuildPhase;
			buildActionMask = 2147483647;
			dstPath = /usr/share/man/man1/;
			dstSubfolderSpec = 0;
			files = (
			);
			runOnlyForDeploymentPostprocessing = 1;
		};
		D396A5FC1E68F16D00601694 /* CopyFiles */ = {
			isa = PBXCopyFilesBuildPhase;
			buildActionMask = 2147483647;
			dstPath = /usr/share/man/man1/;
			dstSubfolderSpec = 0;
			files = (
			);
			runOnlyForDeploymentPostprocessing = 1;
		};
		D396A61D1E6F513400601694 /* CopyFiles */ = {
			isa = PBXCopyFilesBuildPhase;
			buildActionMask = 2147483647;
			dstPath = /usr/share/man/man1/;
			dstSubfolderSpec = 0;
			files = (
			);
			runOnlyForDeploymentPostprocessing = 1;
		};
/* End PBXCopyFilesBuildPhase section */

/* Begin PBXFileReference section */
		062D7D831E84D79300A2D1F5 /* smallest_multiple_ones_and_zeroes */ = {isa = PBXFileReference; explicitFileType = "compiled.mach-o.executable"; includeInIndex = 0; path = smallest_multiple_ones_and_zeroes; sourceTree = BUILT_PRODUCTS_DIR; };
		062D7D851E84D79300A2D1F5 /* main.cpp */ = {isa = PBXFileReference; lastKnownFileType = sourcecode.cpp.cpp; path = main.cpp; sourceTree = "<group>"; };
		0642B49B1E4277B20096C294 /* setrange1 */ = {isa = PBXFileReference; explicitFileType = "compiled.mach-o.executable"; includeInIndex = 0; path = setrange1; sourceTree = BUILT_PRODUCTS_DIR; };
		0642B49D1E4277B20096C294 /* main.cpp */ = {isa = PBXFileReference; lastKnownFileType = sourcecode.cpp.cpp; path = main.cpp; sourceTree = "<group>"; };
		0642B4A61E428FCC0096C294 /* set_insert_remove */ = {isa = PBXFileReference; explicitFileType = "compiled.mach-o.executable"; includeInIndex = 0; path = set_insert_remove; sourceTree = BUILT_PRODUCTS_DIR; };
		0642B4A81E428FCC0096C294 /* main.cpp */ = {isa = PBXFileReference; lastKnownFileType = sourcecode.cpp.cpp; path = main.cpp; sourceTree = "<group>"; };
		0642B4B11E4298530096C294 /* set1 */ = {isa = PBXFileReference; explicitFileType = "compiled.mach-o.executable"; includeInIndex = 0; path = set1; sourceTree = BUILT_PRODUCTS_DIR; };
		0642B4B31E4298530096C294 /* main.cpp */ = {isa = PBXFileReference; lastKnownFileType = sourcecode.cpp.cpp; path = main.cpp; sourceTree = "<group>"; };
		06A937FB1E81CBED00BE0E09 /* mutex1 */ = {isa = PBXFileReference; explicitFileType = "compiled.mach-o.executable"; includeInIndex = 0; path = mutex1; sourceTree = BUILT_PRODUCTS_DIR; };
		06A937FD1E81CBED00BE0E09 /* main.cpp */ = {isa = PBXFileReference; lastKnownFileType = sourcecode.cpp.cpp; path = main.cpp; sourceTree = "<group>"; };
		06B06F0D1E4C3E3F004A0C0B /* priority_queue1 */ = {isa = PBXFileReference; explicitFileType = "compiled.mach-o.executable"; includeInIndex = 0; path = priority_queue1; sourceTree = BUILT_PRODUCTS_DIR; };
		06B06F0F1E4C3E3F004A0C0B /* main.cpp */ = {isa = PBXFileReference; lastKnownFileType = sourcecode.cpp.cpp; path = main.cpp; sourceTree = "<group>"; };
		06D866831E7B48A2009B9BFA /* async1 */ = {isa = PBXFileReference; explicitFileType = "compiled.mach-o.executable"; includeInIndex = 0; path = async1; sourceTree = BUILT_PRODUCTS_DIR; };
		06D866851E7B48A2009B9BFA /* main.cpp */ = {isa = PBXFileReference; lastKnownFileType = sourcecode.cpp.cpp; path = main.cpp; sourceTree = "<group>"; };
		765FE3F31E3984BF0059A80C /* Strings */ = {isa = PBXFileReference; explicitFileType = "compiled.mach-o.executable"; includeInIndex = 0; path = Strings; sourceTree = BUILT_PRODUCTS_DIR; };
		765FE3F61E3984BF0059A80C /* main.cpp */ = {isa = PBXFileReference; lastKnownFileType = sourcecode.cpp.cpp; path = main.cpp; sourceTree = "<group>"; };
		765FE4011E3A70C70059A80C /* looping1 */ = {isa = PBXFileReference; explicitFileType = "compiled.mach-o.executable"; includeInIndex = 0; path = looping1; sourceTree = BUILT_PRODUCTS_DIR; };
		765FE4031E3A70C70059A80C /* main.cpp */ = {isa = PBXFileReference; lastKnownFileType = sourcecode.cpp.cpp; path = main.cpp; sourceTree = "<group>"; };
		765FE40C1E3A9E0D0059A80C /* backward_words */ = {isa = PBXFileReference; explicitFileType = "compiled.mach-o.executable"; includeInIndex = 0; path = backward_words; sourceTree = BUILT_PRODUCTS_DIR; };
		765FE40E1E3A9E0D0059A80C /* main.cpp */ = {isa = PBXFileReference; lastKnownFileType = sourcecode.cpp.cpp; path = main.cpp; sourceTree = "<group>"; };
		D39687D31E43C53100EC6701 /* segment_tree */ = {isa = PBXFileReference; explicitFileType = "compiled.mach-o.executable"; includeInIndex = 0; path = segment_tree; sourceTree = BUILT_PRODUCTS_DIR; };
		D39687D51E43C53100EC6701 /* main.cpp */ = {isa = PBXFileReference; lastKnownFileType = sourcecode.cpp.cpp; path = main.cpp; sourceTree = "<group>"; };
		D39687DE1E446B9200EC6701 /* rmq_dp */ = {isa = PBXFileReference; explicitFileType = "compiled.mach-o.executable"; includeInIndex = 0; path = rmq_dp; sourceTree = BUILT_PRODUCTS_DIR; };
		D39687E01E446B9300EC6701 /* main.cpp */ = {isa = PBXFileReference; lastKnownFileType = sourcecode.cpp.cpp; path = main.cpp; sourceTree = "<group>"; };
		D396A5FE1E68F16D00601694 /* permutation_1 */ = {isa = PBXFileReference; explicitFileType = "compiled.mach-o.executable"; includeInIndex = 0; path = permutation_1; sourceTree = BUILT_PRODUCTS_DIR; };
		D396A6001E68F16D00601694 /* main.cpp */ = {isa = PBXFileReference; lastKnownFileType = sourcecode.cpp.cpp; path = main.cpp; sourceTree = "<group>"; };
		D396A61F1E6F513400601694 /* array_sampling */ = {isa = PBXFileReference; explicitFileType = "compiled.mach-o.executable"; includeInIndex = 0; path = array_sampling; sourceTree = BUILT_PRODUCTS_DIR; };
		D396A6211E6F513400601694 /* main.cpp */ = {isa = PBXFileReference; lastKnownFileType = sourcecode.cpp.cpp; path = main.cpp; sourceTree = "<group>"; };
/* End PBXFileReference section */

/* Begin PBXFrameworksBuildPhase section */
		062D7D801E84D79300A2D1F5 /* Frameworks */ = {
			isa = PBXFrameworksBuildPhase;
			buildActionMask = 2147483647;
			files = (
			);
			runOnlyForDeploymentPostprocessing = 0;
		};
		0642B4981E4277B20096C294 /* Frameworks */ = {
			isa = PBXFrameworksBuildPhase;
			buildActionMask = 2147483647;
			files = (
			);
			runOnlyForDeploymentPostprocessing = 0;
		};
		0642B4A31E428FCC0096C294 /* Frameworks */ = {
			isa = PBXFrameworksBuildPhase;
			buildActionMask = 2147483647;
			files = (
			);
			runOnlyForDeploymentPostprocessing = 0;
		};
		0642B4AE1E4298530096C294 /* Frameworks */ = {
			isa = PBXFrameworksBuildPhase;
			buildActionMask = 2147483647;
			files = (
			);
			runOnlyForDeploymentPostprocessing = 0;
		};
		06A937F81E81CBED00BE0E09 /* Frameworks */ = {
			isa = PBXFrameworksBuildPhase;
			buildActionMask = 2147483647;
			files = (
			);
			runOnlyForDeploymentPostprocessing = 0;
		};
		06B06F0A1E4C3E3F004A0C0B /* Frameworks */ = {
			isa = PBXFrameworksBuildPhase;
			buildActionMask = 2147483647;
			files = (
			);
			runOnlyForDeploymentPostprocessing = 0;
		};
		06D866801E7B48A2009B9BFA /* Frameworks */ = {
			isa = PBXFrameworksBuildPhase;
			buildActionMask = 2147483647;
			files = (
			);
			runOnlyForDeploymentPostprocessing = 0;
		};
		765FE3F01E3984BF0059A80C /* Frameworks */ = {
			isa = PBXFrameworksBuildPhase;
			buildActionMask = 2147483647;
			files = (
			);
			runOnlyForDeploymentPostprocessing = 0;
		};
		765FE3FE1E3A70C70059A80C /* Frameworks */ = {
			isa = PBXFrameworksBuildPhase;
			buildActionMask = 2147483647;
			files = (
			);
			runOnlyForDeploymentPostprocessing = 0;
		};
		765FE4091E3A9E0D0059A80C /* Frameworks */ = {
			isa = PBXFrameworksBuildPhase;
			buildActionMask = 2147483647;
			files = (
			);
			runOnlyForDeploymentPostprocessing = 0;
		};
		D39687D01E43C53100EC6701 /* Frameworks */ = {
			isa = PBXFrameworksBuildPhase;
			buildActionMask = 2147483647;
			files = (
			);
			runOnlyForDeploymentPostprocessing = 0;
		};
		D39687DB1E446B9200EC6701 /* Frameworks */ = {
			isa = PBXFrameworksBuildPhase;
			buildActionMask = 2147483647;
			files = (
			);
			runOnlyForDeploymentPostprocessing = 0;
		};
		D396A5FB1E68F16D00601694 /* Frameworks */ = {
			isa = PBXFrameworksBuildPhase;
			buildActionMask = 2147483647;
			files = (
			);
			runOnlyForDeploymentPostprocessing = 0;
		};
		D396A61C1E6F513400601694 /* Frameworks */ = {
			isa = PBXFrameworksBuildPhase;
			buildActionMask = 2147483647;
			files = (
			);
			runOnlyForDeploymentPostprocessing = 0;
		};
/* End PBXFrameworksBuildPhase section */

/* Begin PBXGroup section */
		062D7D841E84D79300A2D1F5 /* smallest_multiple_ones_and_zeroes */ = {
			isa = PBXGroup;
			children = (
				062D7D851E84D79300A2D1F5 /* main.cpp */,
			);
			path = smallest_multiple_ones_and_zeroes;
			sourceTree = "<group>";
		};
		0642B49C1E4277B20096C294 /* setrange1 */ = {
			isa = PBXGroup;
			children = (
				0642B49D1E4277B20096C294 /* main.cpp */,
			);
			path = setrange1;
			sourceTree = "<group>";
		};
		0642B4A71E428FCC0096C294 /* set_insert_remove */ = {
			isa = PBXGroup;
			children = (
				0642B4A81E428FCC0096C294 /* main.cpp */,
			);
			path = set_insert_remove;
			sourceTree = "<group>";
		};
		0642B4B21E4298530096C294 /* set1 */ = {
			isa = PBXGroup;
			children = (
				0642B4B31E4298530096C294 /* main.cpp */,
			);
			path = set1;
			sourceTree = "<group>";
		};
		06A937FC1E81CBED00BE0E09 /* mutex1 */ = {
			isa = PBXGroup;
			children = (
				06A937FD1E81CBED00BE0E09 /* main.cpp */,
			);
			path = mutex1;
			sourceTree = "<group>";
		};
		06B06F0E1E4C3E3F004A0C0B /* priority_queue1 */ = {
			isa = PBXGroup;
			children = (
				06B06F0F1E4C3E3F004A0C0B /* main.cpp */,
			);
			path = priority_queue1;
			sourceTree = "<group>";
		};
		06D866841E7B48A2009B9BFA /* async1 */ = {
			isa = PBXGroup;
			children = (
				06D866851E7B48A2009B9BFA /* main.cpp */,
			);
			path = async1;
			sourceTree = "<group>";
		};
		765FE3EA1E3984BF0059A80C = {
			isa = PBXGroup;
			children = (
				765FE3F51E3984BF0059A80C /* Strings */,
				765FE4021E3A70C70059A80C /* looping1 */,
				765FE40D1E3A9E0D0059A80C /* backward_words */,
				D39687D41E43C53100EC6701 /* segment_tree */,
				D39687DF1E446B9300EC6701 /* rmq_dp */,
				0642B49C1E4277B20096C294 /* setrange1 */,
				0642B4A71E428FCC0096C294 /* set_insert_remove */,
				0642B4B21E4298530096C294 /* set1 */,
				06B06F0E1E4C3E3F004A0C0B /* priority_queue1 */,
				D396A5FF1E68F16D00601694 /* permutation_1 */,
				D396A6201E6F513400601694 /* array_sampling */,
				06D866841E7B48A2009B9BFA /* async1 */,
				06A937FC1E81CBED00BE0E09 /* mutex1 */,
				062D7D841E84D79300A2D1F5 /* smallest_multiple_ones_and_zeroes */,
				765FE3F41E3984BF0059A80C /* Products */,
			);
			sourceTree = "<group>";
		};
		765FE3F41E3984BF0059A80C /* Products */ = {
			isa = PBXGroup;
			children = (
				765FE3F31E3984BF0059A80C /* Strings */,
				765FE4011E3A70C70059A80C /* looping1 */,
				765FE40C1E3A9E0D0059A80C /* backward_words */,
				D39687D31E43C53100EC6701 /* segment_tree */,
				D39687DE1E446B9200EC6701 /* rmq_dp */,
				0642B49B1E4277B20096C294 /* setrange1 */,
				0642B4A61E428FCC0096C294 /* set_insert_remove */,
				0642B4B11E4298530096C294 /* set1 */,
				06B06F0D1E4C3E3F004A0C0B /* priority_queue1 */,
				D396A5FE1E68F16D00601694 /* permutation_1 */,
				D396A61F1E6F513400601694 /* array_sampling */,
				06D866831E7B48A2009B9BFA /* async1 */,
				06A937FB1E81CBED00BE0E09 /* mutex1 */,
				062D7D831E84D79300A2D1F5 /* smallest_multiple_ones_and_zeroes */,
			);
			name = Products;
			sourceTree = "<group>";
		};
		765FE3F51E3984BF0059A80C /* Strings */ = {
			isa = PBXGroup;
			children = (
				765FE3F61E3984BF0059A80C /* main.cpp */,
			);
			name = Strings;
			path = CPlusPractice;
			sourceTree = "<group>";
		};
		765FE4021E3A70C70059A80C /* looping1 */ = {
			isa = PBXGroup;
			children = (
				765FE4031E3A70C70059A80C /* main.cpp */,
			);
			path = looping1;
			sourceTree = "<group>";
		};
		765FE40D1E3A9E0D0059A80C /* backward_words */ = {
			isa = PBXGroup;
			children = (
				765FE40E1E3A9E0D0059A80C /* main.cpp */,
			);
			path = backward_words;
			sourceTree = "<group>";
		};
		D39687D41E43C53100EC6701 /* segment_tree */ = {
			isa = PBXGroup;
			children = (
				D39687D51E43C53100EC6701 /* main.cpp */,
			);
			path = segment_tree;
			sourceTree = "<group>";
		};
		D39687DF1E446B9300EC6701 /* rmq_dp */ = {
			isa = PBXGroup;
			children = (
				D39687E01E446B9300EC6701 /* main.cpp */,
			);
			path = rmq_dp;
			sourceTree = "<group>";
		};
		D396A5FF1E68F16D00601694 /* permutation_1 */ = {
			isa = PBXGroup;
			children = (
				D396A6001E68F16D00601694 /* main.cpp */,
			);
			path = permutation_1;
			sourceTree = "<group>";
		};
		D396A6201E6F513400601694 /* array_sampling */ = {
			isa = PBXGroup;
			children = (
				D396A6211E6F513400601694 /* main.cpp */,
			);
			path = array_sampling;
			sourceTree = "<group>";
		};
/* End PBXGroup section */

/* Begin PBXNativeTarget section */
		062D7D821E84D79300A2D1F5 /* smallest_multiple_ones_and_zeroes */ = {
			isa = PBXNativeTarget;
			buildConfigurationList = 062D7D891E84D79300A2D1F5 /* Build configuration list for PBXNativeTarget "smallest_multiple_ones_and_zeroes" */;
			buildPhases = (
				062D7D7F1E84D79300A2D1F5 /* Sources */,
				062D7D801E84D79300A2D1F5 /* Frameworks */,
				062D7D811E84D79300A2D1F5 /* CopyFiles */,
			);
			buildRules = (
			);
			dependencies = (
			);
			name = smallest_multiple_ones_and_zeroes;
			productName = smallest_multiple_ones_and_zeroes;
			productReference = 062D7D831E84D79300A2D1F5 /* smallest_multiple_ones_and_zeroes */;
			productType = "com.apple.product-type.tool";
		};
		0642B49A1E4277B20096C294 /* setrange1 */ = {
			isa = PBXNativeTarget;
			buildConfigurationList = 0642B4A11E4277B20096C294 /* Build configuration list for PBXNativeTarget "setrange1" */;
			buildPhases = (
				0642B4971E4277B20096C294 /* Sources */,
				0642B4981E4277B20096C294 /* Frameworks */,
				0642B4991E4277B20096C294 /* CopyFiles */,
			);
			buildRules = (
			);
			dependencies = (
			);
			name = setrange1;
			productName = setrange1;
			productReference = 0642B49B1E4277B20096C294 /* setrange1 */;
			productType = "com.apple.product-type.tool";
		};
		0642B4A51E428FCC0096C294 /* set_insert_remove */ = {
			isa = PBXNativeTarget;
			buildConfigurationList = 0642B4AA1E428FCC0096C294 /* Build configuration list for PBXNativeTarget "set_insert_remove" */;
			buildPhases = (
				0642B4A21E428FCC0096C294 /* Sources */,
				0642B4A31E428FCC0096C294 /* Frameworks */,
				0642B4A41E428FCC0096C294 /* CopyFiles */,
			);
			buildRules = (
			);
			dependencies = (
			);
			name = set_insert_remove;
			productName = set_insert_remove;
			productReference = 0642B4A61E428FCC0096C294 /* set_insert_remove */;
			productType = "com.apple.product-type.tool";
		};
		0642B4B01E4298530096C294 /* set1 */ = {
			isa = PBXNativeTarget;
			buildConfigurationList = 0642B4B51E4298530096C294 /* Build configuration list for PBXNativeTarget "set1" */;
			buildPhases = (
				0642B4AD1E4298530096C294 /* Sources */,
				0642B4AE1E4298530096C294 /* Frameworks */,
				0642B4AF1E4298530096C294 /* CopyFiles */,
			);
			buildRules = (
			);
			dependencies = (
			);
			name = set1;
			productName = set1;
			productReference = 0642B4B11E4298530096C294 /* set1 */;
			productType = "com.apple.product-type.tool";
		};
		06A937FA1E81CBED00BE0E09 /* mutex1 */ = {
			isa = PBXNativeTarget;
			buildConfigurationList = 06A938011E81CBED00BE0E09 /* Build configuration list for PBXNativeTarget "mutex1" */;
			buildPhases = (
				06A937F71E81CBED00BE0E09 /* Sources */,
				06A937F81E81CBED00BE0E09 /* Frameworks */,
				06A937F91E81CBED00BE0E09 /* CopyFiles */,
			);
			buildRules = (
			);
			dependencies = (
			);
			name = mutex1;
			productName = mutex1;
			productReference = 06A937FB1E81CBED00BE0E09 /* mutex1 */;
			productType = "com.apple.product-type.tool";
		};
		06B06F0C1E4C3E3F004A0C0B /* priority_queue1 */ = {
			isa = PBXNativeTarget;
			buildConfigurationList = 06B06F131E4C3E3F004A0C0B /* Build configuration list for PBXNativeTarget "priority_queue1" */;
			buildPhases = (
				06B06F091E4C3E3F004A0C0B /* Sources */,
				06B06F0A1E4C3E3F004A0C0B /* Frameworks */,
				06B06F0B1E4C3E3F004A0C0B /* CopyFiles */,
			);
			buildRules = (
			);
			dependencies = (
			);
			name = priority_queue1;
			productName = priority_queue1;
			productReference = 06B06F0D1E4C3E3F004A0C0B /* priority_queue1 */;
			productType = "com.apple.product-type.tool";
		};
		06D866821E7B48A2009B9BFA /* async1 */ = {
			isa = PBXNativeTarget;
			buildConfigurationList = 06D866891E7B48A2009B9BFA /* Build configuration list for PBXNativeTarget "async1" */;
			buildPhases = (
				06D8667F1E7B48A2009B9BFA /* Sources */,
				06D866801E7B48A2009B9BFA /* Frameworks */,
				06D866811E7B48A2009B9BFA /* CopyFiles */,
			);
			buildRules = (
			);
			dependencies = (
			);
			name = async1;
			productName = async1;
			productReference = 06D866831E7B48A2009B9BFA /* async1 */;
			productType = "com.apple.product-type.tool";
		};
		765FE3F21E3984BF0059A80C /* Strings */ = {
			isa = PBXNativeTarget;
			buildConfigurationList = 765FE3FA1E3984BF0059A80C /* Build configuration list for PBXNativeTarget "Strings" */;
			buildPhases = (
				765FE3EF1E3984BF0059A80C /* Sources */,
				765FE3F01E3984BF0059A80C /* Frameworks */,
				765FE3F11E3984BF0059A80C /* CopyFiles */,
			);
			buildRules = (
			);
			dependencies = (
			);
			name = Strings;
			productName = CPlusPractice;
			productReference = 765FE3F31E3984BF0059A80C /* Strings */;
			productType = "com.apple.product-type.tool";
		};
		765FE4001E3A70C70059A80C /* looping1 */ = {
			isa = PBXNativeTarget;
			buildConfigurationList = 765FE4071E3A70C80059A80C /* Build configuration list for PBXNativeTarget "looping1" */;
			buildPhases = (
				765FE3FD1E3A70C70059A80C /* Sources */,
				765FE3FE1E3A70C70059A80C /* Frameworks */,
				765FE3FF1E3A70C70059A80C /* CopyFiles */,
			);
			buildRules = (
			);
			dependencies = (
			);
			name = looping1;
			productName = looping1;
			productReference = 765FE4011E3A70C70059A80C /* looping1 */;
			productType = "com.apple.product-type.tool";
		};
		765FE40B1E3A9E0D0059A80C /* backward_words */ = {
			isa = PBXNativeTarget;
			buildConfigurationList = 765FE4101E3A9E0D0059A80C /* Build configuration list for PBXNativeTarget "backward_words" */;
			buildPhases = (
				765FE4081E3A9E0D0059A80C /* Sources */,
				765FE4091E3A9E0D0059A80C /* Frameworks */,
				765FE40A1E3A9E0D0059A80C /* CopyFiles */,
			);
			buildRules = (
			);
			dependencies = (
			);
			name = backward_words;
			productName = backward_words;
			productReference = 765FE40C1E3A9E0D0059A80C /* backward_words */;
			productType = "com.apple.product-type.tool";
		};
		D39687D21E43C53100EC6701 /* segment_tree */ = {
			isa = PBXNativeTarget;
			buildConfigurationList = D39687D91E43C53100EC6701 /* Build configuration list for PBXNativeTarget "segment_tree" */;
			buildPhases = (
				D39687CF1E43C53100EC6701 /* Sources */,
				D39687D01E43C53100EC6701 /* Frameworks */,
				D39687D11E43C53100EC6701 /* CopyFiles */,
			);
			buildRules = (
			);
			dependencies = (
			);
			name = segment_tree;
			productName = segment_tree;
			productReference = D39687D31E43C53100EC6701 /* segment_tree */;
			productType = "com.apple.product-type.tool";
		};
		D39687DD1E446B9200EC6701 /* rmq_dp */ = {
			isa = PBXNativeTarget;
			buildConfigurationList = D39687E21E446B9300EC6701 /* Build configuration list for PBXNativeTarget "rmq_dp" */;
			buildPhases = (
				D39687DA1E446B9200EC6701 /* Sources */,
				D39687DB1E446B9200EC6701 /* Frameworks */,
				D39687DC1E446B9200EC6701 /* CopyFiles */,
			);
			buildRules = (
			);
			dependencies = (
			);
			name = rmq_dp;
			productName = rmq_dp;
			productReference = D39687DE1E446B9200EC6701 /* rmq_dp */;
			productType = "com.apple.product-type.tool";
		};
		D396A5FD1E68F16D00601694 /* permutation_1 */ = {
			isa = PBXNativeTarget;
			buildConfigurationList = D396A6041E68F16D00601694 /* Build configuration list for PBXNativeTarget "permutation_1" */;
			buildPhases = (
				D396A5FA1E68F16D00601694 /* Sources */,
				D396A5FB1E68F16D00601694 /* Frameworks */,
				D396A5FC1E68F16D00601694 /* CopyFiles */,
			);
			buildRules = (
			);
			dependencies = (
			);
			name = permutation_1;
			productName = permutation_1;
			productReference = D396A5FE1E68F16D00601694 /* permutation_1 */;
			productType = "com.apple.product-type.tool";
		};
		D396A61E1E6F513400601694 /* array_sampling */ = {
			isa = PBXNativeTarget;
			buildConfigurationList = D396A6231E6F513400601694 /* Build configuration list for PBXNativeTarget "array_sampling" */;
			buildPhases = (
				D396A61B1E6F513400601694 /* Sources */,
				D396A61C1E6F513400601694 /* Frameworks */,
				D396A61D1E6F513400601694 /* CopyFiles */,
			);
			buildRules = (
			);
			dependencies = (
			);
			name = array_sampling;
			productName = array_sampling;
			productReference = D396A61F1E6F513400601694 /* array_sampling */;
			productType = "com.apple.product-type.tool";
		};
/* End PBXNativeTarget section */

/* Begin PBXProject section */
		765FE3EB1E3984BF0059A80C /* Project object */ = {
			isa = PBXProject;
			attributes = {
				LastUpgradeCheck = 0820;
				ORGANIZATIONNAME = "Ambreen Haleem";
				TargetAttributes = {
					062D7D821E84D79300A2D1F5 = {
						CreatedOnToolsVersion = 8.2.1;
						ProvisioningStyle = Automatic;
					};
					0642B49A1E4277B20096C294 = {
						CreatedOnToolsVersion = 8.2.1;
						ProvisioningStyle = Automatic;
					};
					0642B4A51E428FCC0096C294 = {
						CreatedOnToolsVersion = 8.2.1;
						ProvisioningStyle = Automatic;
					};
					0642B4B01E4298530096C294 = {
						CreatedOnToolsVersion = 8.2.1;
						ProvisioningStyle = Automatic;
					};
					06A937FA1E81CBED00BE0E09 = {
						CreatedOnToolsVersion = 8.2.1;
						ProvisioningStyle = Automatic;
					};
					06B06F0C1E4C3E3F004A0C0B = {
						CreatedOnToolsVersion = 8.2.1;
						ProvisioningStyle = Automatic;
					};
					06D866821E7B48A2009B9BFA = {
						CreatedOnToolsVersion = 8.2.1;
						ProvisioningStyle = Automatic;
					};
					765FE3F21E3984BF0059A80C = {
						CreatedOnToolsVersion = 8.2.1;
						ProvisioningStyle = Automatic;
					};
					765FE4001E3A70C70059A80C = {
						CreatedOnToolsVersion = 8.2.1;
						ProvisioningStyle = Automatic;
					};
					765FE40B1E3A9E0D0059A80C = {
						CreatedOnToolsVersion = 8.2.1;
						ProvisioningStyle = Automatic;
					};
					D39687D21E43C53100EC6701 = {
						CreatedOnToolsVersion = 8.2.1;
						ProvisioningStyle = Automatic;
					};
					D39687DD1E446B9200EC6701 = {
						CreatedOnToolsVersion = 8.2.1;
						ProvisioningStyle = Automatic;
					};
					D396A5FD1E68F16D00601694 = {
						CreatedOnToolsVersion = 8.2.1;
						ProvisioningStyle = Automatic;
					};
					D396A61E1E6F513400601694 = {
						CreatedOnToolsVersion = 8.2.1;
						ProvisioningStyle = Automatic;
					};
				};
			};
			buildConfigurationList = 765FE3EE1E3984BF0059A80C /* Build configuration list for PBXProject "CPlusPractice" */;
			compatibilityVersion = "Xcode 3.2";
			developmentRegion = English;
			hasScannedForEncodings = 0;
			knownRegions = (
				en,
			);
			mainGroup = 765FE3EA1E3984BF0059A80C;
			productRefGroup = 765FE3F41E3984BF0059A80C /* Products */;
			projectDirPath = "";
			projectRoot = "";
			targets = (
				765FE3F21E3984BF0059A80C /* Strings */,
				765FE4001E3A70C70059A80C /* looping1 */,
				765FE40B1E3A9E0D0059A80C /* backward_words */,
				D39687D21E43C53100EC6701 /* segment_tree */,
				D39687DD1E446B9200EC6701 /* rmq_dp */,
				0642B49A1E4277B20096C294 /* setrange1 */,
				0642B4A51E428FCC0096C294 /* set_insert_remove */,
				0642B4B01E4298530096C294 /* set1 */,
				06B06F0C1E4C3E3F004A0C0B /* priority_queue1 */,
				D396A5FD1E68F16D00601694 /* permutation_1 */,
				D396A61E1E6F513400601694 /* array_sampling */,
				06D866821E7B48A2009B9BFA /* async1 */,
				06A937FA1E81CBED00BE0E09 /* mutex1 */,
				062D7D821E84D79300A2D1F5 /* smallest_multiple_ones_and_zeroes */,
			);
		};
/* End PBXProject section */

/* Begin PBXSourcesBuildPhase section */
		062D7D7F1E84D79300A2D1F5 /* Sources */ = {
			isa = PBXSourcesBuildPhase;
			buildActionMask = 2147483647;
			files = (
				062D7D861E84D79300A2D1F5 /* main.cpp in Sources */,
			);
			runOnlyForDeploymentPostprocessing = 0;
		};
		0642B4971E4277B20096C294 /* Sources */ = {
			isa = PBXSourcesBuildPhase;
			buildActionMask = 2147483647;
			files = (
				0642B49E1E4277B20096C294 /* main.cpp in Sources */,
			);
			runOnlyForDeploymentPostprocessing = 0;
		};
		0642B4A21E428FCC0096C294 /* Sources */ = {
			isa = PBXSourcesBuildPhase;
			buildActionMask = 2147483647;
			files = (
				0642B4A91E428FCC0096C294 /* main.cpp in Sources */,
			);
			runOnlyForDeploymentPostprocessing = 0;
		};
		0642B4AD1E4298530096C294 /* Sources */ = {
			isa = PBXSourcesBuildPhase;
			buildActionMask = 2147483647;
			files = (
				0642B4B41E4298530096C294 /* main.cpp in Sources */,
			);
			runOnlyForDeploymentPostprocessing = 0;
		};
		06A937F71E81CBED00BE0E09 /* Sources */ = {
			isa = PBXSourcesBuildPhase;
			buildActionMask = 2147483647;
			files = (
				06A937FE1E81CBED00BE0E09 /* main.cpp in Sources */,
			);
			runOnlyForDeploymentPostprocessing = 0;
		};
		06B06F091E4C3E3F004A0C0B /* Sources */ = {
			isa = PBXSourcesBuildPhase;
			buildActionMask = 2147483647;
			files = (
				06B06F101E4C3E3F004A0C0B /* main.cpp in Sources */,
			);
			runOnlyForDeploymentPostprocessing = 0;
		};
		06D8667F1E7B48A2009B9BFA /* Sources */ = {
			isa = PBXSourcesBuildPhase;
			buildActionMask = 2147483647;
			files = (
				06D866861E7B48A2009B9BFA /* main.cpp in Sources */,
			);
			runOnlyForDeploymentPostprocessing = 0;
		};
		765FE3EF1E3984BF0059A80C /* Sources */ = {
			isa = PBXSourcesBuildPhase;
			buildActionMask = 2147483647;
			files = (
				765FE3F71E3984BF0059A80C /* main.cpp in Sources */,
			);
			runOnlyForDeploymentPostprocessing = 0;
		};
		765FE3FD1E3A70C70059A80C /* Sources */ = {
			isa = PBXSourcesBuildPhase;
			buildActionMask = 2147483647;
			files = (
				765FE4041E3A70C70059A80C /* main.cpp in Sources */,
			);
			runOnlyForDeploymentPostprocessing = 0;
		};
		765FE4081E3A9E0D0059A80C /* Sources */ = {
			isa = PBXSourcesBuildPhase;
			buildActionMask = 2147483647;
			files = (
				765FE40F1E3A9E0D0059A80C /* main.cpp in Sources */,
			);
			runOnlyForDeploymentPostprocessing = 0;
		};
		D39687CF1E43C53100EC6701 /* Sources */ = {
			isa = PBXSourcesBuildPhase;
			buildActionMask = 2147483647;
			files = (
				D39687D61E43C53100EC6701 /* main.cpp in Sources */,
			);
			runOnlyForDeploymentPostprocessing = 0;
		};
		D39687DA1E446B9200EC6701 /* Sources */ = {
			isa = PBXSourcesBuildPhase;
			buildActionMask = 2147483647;
			files = (
				D39687E11E446B9300EC6701 /* main.cpp in Sources */,
			);
			runOnlyForDeploymentPostprocessing = 0;
		};
		D396A5FA1E68F16D00601694 /* Sources */ = {
			isa = PBXSourcesBuildPhase;
			buildActionMask = 2147483647;
			files = (
				D396A6011E68F16D00601694 /* main.cpp in Sources */,
			);
			runOnlyForDeploymentPostprocessing = 0;
		};
		D396A61B1E6F513400601694 /* Sources */ = {
			isa = PBXSourcesBuildPhase;
			buildActionMask = 2147483647;
			files = (
				D396A6221E6F513400601694 /* main.cpp in Sources */,
			);
			runOnlyForDeploymentPostprocessing = 0;
		};
/* End PBXSourcesBuildPhase section */

/* Begin XCBuildConfiguration section */
		062D7D871E84D79300A2D1F5 /* Debug */ = {
			isa = XCBuildConfiguration;
			buildSettings = {
				MACOSX_DEPLOYMENT_TARGET = 10.12;
				PRODUCT_NAME = "$(TARGET_NAME)";
			};
			name = Debug;
		};
		062D7D881E84D79300A2D1F5 /* Release */ = {
			isa = XCBuildConfiguration;
			buildSettings = {
				MACOSX_DEPLOYMENT_TARGET = 10.12;
				PRODUCT_NAME = "$(TARGET_NAME)";
			};
			name = Release;
		};
		0642B49F1E4277B20096C294 /* Debug */ = {
			isa = XCBuildConfiguration;
			buildSettings = {
				MACOSX_DEPLOYMENT_TARGET = 10.12;
				PRODUCT_NAME = "$(TARGET_NAME)";
			};
			name = Debug;
		};
		0642B4A01E4277B20096C294 /* Release */ = {
			isa = XCBuildConfiguration;
			buildSettings = {
				MACOSX_DEPLOYMENT_TARGET = 10.12;
				PRODUCT_NAME = "$(TARGET_NAME)";
			};
			name = Release;
		};
		0642B4AB1E428FCC0096C294 /* Debug */ = {
			isa = XCBuildConfiguration;
			buildSettings = {
				MACOSX_DEPLOYMENT_TARGET = 10.12;
				PRODUCT_NAME = "$(TARGET_NAME)";
			};
			name = Debug;
		};
		0642B4AC1E428FCC0096C294 /* Release */ = {
			isa = XCBuildConfiguration;
			buildSettings = {
				MACOSX_DEPLOYMENT_TARGET = 10.12;
				PRODUCT_NAME = "$(TARGET_NAME)";
			};
			name = Release;
		};
		0642B4B61E4298530096C294 /* Debug */ = {
			isa = XCBuildConfiguration;
			buildSettings = {
				MACOSX_DEPLOYMENT_TARGET = 10.12;
				PRODUCT_NAME = "$(TARGET_NAME)";
			};
			name = Debug;
		};
		0642B4B71E4298530096C294 /* Release */ = {
			isa = XCBuildConfiguration;
			buildSettings = {
				MACOSX_DEPLOYMENT_TARGET = 10.12;
				PRODUCT_NAME = "$(TARGET_NAME)";
			};
			name = Release;
		};
		06A937FF1E81CBED00BE0E09 /* Debug */ = {
			isa = XCBuildConfiguration;
			buildSettings = {
				MACOSX_DEPLOYMENT_TARGET = 10.12;
				PRODUCT_NAME = "$(TARGET_NAME)";
			};
			name = Debug;
		};
		06A938001E81CBED00BE0E09 /* Release */ = {
			isa = XCBuildConfiguration;
			buildSettings = {
				MACOSX_DEPLOYMENT_TARGET = 10.12;
				PRODUCT_NAME = "$(TARGET_NAME)";
			};
			name = Release;
		};
		06B06F111E4C3E3F004A0C0B /* Debug */ = {
			isa = XCBuildConfiguration;
			buildSettings = {
				MACOSX_DEPLOYMENT_TARGET = 10.12;
				PRODUCT_NAME = "$(TARGET_NAME)";
			};
			name = Debug;
		};
		06B06F121E4C3E3F004A0C0B /* Release */ = {
			isa = XCBuildConfiguration;
			buildSettings = {
				MACOSX_DEPLOYMENT_TARGET = 10.12;
				PRODUCT_NAME = "$(TARGET_NAME)";
			};
			name = Release;
		};
		06D866871E7B48A2009B9BFA /* Debug */ = {
			isa = XCBuildConfiguration;
			buildSettings = {
				MACOSX_DEPLOYMENT_TARGET = 10.12;
				PRODUCT_NAME = "$(TARGET_NAME)";
			};
			name = Debug;
		};
		06D866881E7B48A2009B9BFA /* Release */ = {
			isa = XCBuildConfiguration;
			buildSettings = {
				MACOSX_DEPLOYMENT_TARGET = 10.12;
				PRODUCT_NAME = "$(TARGET_NAME)";
			};
			name = Release;
		};
		765FE3F81E3984BF0059A80C /* Debug */ = {
			isa = XCBuildConfiguration;
			buildSettings = {
				ALWAYS_SEARCH_USER_PATHS = NO;
				CLANG_ANALYZER_NONNULL = YES;
				CLANG_CXX_LANGUAGE_STANDARD = "gnu++0x";
				CLANG_CXX_LIBRARY = "libc++";
				CLANG_ENABLE_MODULES = YES;
				CLANG_ENABLE_OBJC_ARC = YES;
				CLANG_WARN_BOOL_CONVERSION = YES;
				CLANG_WARN_CONSTANT_CONVERSION = YES;
				CLANG_WARN_DIRECT_OBJC_ISA_USAGE = YES_ERROR;
				CLANG_WARN_DOCUMENTATION_COMMENTS = YES;
				CLANG_WARN_EMPTY_BODY = YES;
				CLANG_WARN_ENUM_CONVERSION = YES;
				CLANG_WARN_INFINITE_RECURSION = YES;
				CLANG_WARN_INT_CONVERSION = YES;
				CLANG_WARN_OBJC_ROOT_CLASS = YES_ERROR;
				CLANG_WARN_SUSPICIOUS_MOVE = YES;
				CLANG_WARN_UNREACHABLE_CODE = YES;
				CLANG_WARN__DUPLICATE_METHOD_MATCH = YES;
				CODE_SIGN_IDENTITY = "-";
				COPY_PHASE_STRIP = NO;
				DEBUG_INFORMATION_FORMAT = dwarf;
				ENABLE_STRICT_OBJC_MSGSEND = YES;
				ENABLE_TESTABILITY = YES;
				GCC_C_LANGUAGE_STANDARD = gnu99;
				GCC_DYNAMIC_NO_PIC = NO;
				GCC_NO_COMMON_BLOCKS = YES;
				GCC_OPTIMIZATION_LEVEL = 0;
				GCC_PREPROCESSOR_DEFINITIONS = (
					"DEBUG=1",
					"$(inherited)",
				);
				GCC_WARN_64_TO_32_BIT_CONVERSION = YES;
				GCC_WARN_ABOUT_RETURN_TYPE = YES_ERROR;
				GCC_WARN_UNDECLARED_SELECTOR = YES;
				GCC_WARN_UNINITIALIZED_AUTOS = YES_AGGRESSIVE;
				GCC_WARN_UNUSED_FUNCTION = YES;
				GCC_WARN_UNUSED_VARIABLE = YES;
				MACOSX_DEPLOYMENT_TARGET = 10.11;
				MTL_ENABLE_DEBUG_INFO = YES;
				ONLY_ACTIVE_ARCH = YES;
				SDKROOT = macosx;
			};
			name = Debug;
		};
		765FE3F91E3984BF0059A80C /* Release */ = {
			isa = XCBuildConfiguration;
			buildSettings = {
				ALWAYS_SEARCH_USER_PATHS = NO;
				CLANG_ANALYZER_NONNULL = YES;
				CLANG_CXX_LANGUAGE_STANDARD = "gnu++0x";
				CLANG_CXX_LIBRARY = "libc++";
				CLANG_ENABLE_MODULES = YES;
				CLANG_ENABLE_OBJC_ARC = YES;
				CLANG_WARN_BOOL_CONVERSION = YES;
				CLANG_WARN_CONSTANT_CONVERSION = YES;
				CLANG_WARN_DIRECT_OBJC_ISA_USAGE = YES_ERROR;
				CLANG_WARN_DOCUMENTATION_COMMENTS = YES;
				CLANG_WARN_EMPTY_BODY = YES;
				CLANG_WARN_ENUM_CONVERSION = YES;
				CLANG_WARN_INFINITE_RECURSION = YES;
				CLANG_WARN_INT_CONVERSION = YES;
				CLANG_WARN_OBJC_ROOT_CLASS = YES_ERROR;
				CLANG_WARN_SUSPICIOUS_MOVE = YES;
				CLANG_WARN_UNREACHABLE_CODE = YES;
				CLANG_WARN__DUPLICATE_METHOD_MATCH = YES;
				CODE_SIGN_IDENTITY = "-";
				COPY_PHASE_STRIP = NO;
				DEBUG_INFORMATION_FORMAT = "dwarf-with-dsym";
				ENABLE_NS_ASSERTIONS = NO;
				ENABLE_STRICT_OBJC_MSGSEND = YES;
				GCC_C_LANGUAGE_STANDARD = gnu99;
				GCC_NO_COMMON_BLOCKS = YES;
				GCC_WARN_64_TO_32_BIT_CONVERSION = YES;
				GCC_WARN_ABOUT_RETURN_TYPE = YES_ERROR;
				GCC_WARN_UNDECLARED_SELECTOR = YES;
				GCC_WARN_UNINITIALIZED_AUTOS = YES_AGGRESSIVE;
				GCC_WARN_UNUSED_FUNCTION = YES;
				GCC_WARN_UNUSED_VARIABLE = YES;
				MACOSX_DEPLOYMENT_TARGET = 10.11;
				MTL_ENABLE_DEBUG_INFO = NO;
				SDKROOT = macosx;
			};
			name = Release;
		};
		765FE3FB1E3984BF0059A80C /* Debug */ = {
			isa = XCBuildConfiguration;
			buildSettings = {
				PRODUCT_NAME = "$(TARGET_NAME)";
			};
			name = Debug;
		};
		765FE3FC1E3984BF0059A80C /* Release */ = {
			isa = XCBuildConfiguration;
			buildSettings = {
				PRODUCT_NAME = "$(TARGET_NAME)";
			};
			name = Release;
		};
		765FE4051E3A70C70059A80C /* Debug */ = {
			isa = XCBuildConfiguration;
			buildSettings = {
				PRODUCT_NAME = "$(TARGET_NAME)";
			};
			name = Debug;
		};
		765FE4061E3A70C70059A80C /* Release */ = {
			isa = XCBuildConfiguration;
			buildSettings = {
				PRODUCT_NAME = "$(TARGET_NAME)";
			};
			name = Release;
		};
		765FE4111E3A9E0D0059A80C /* Debug */ = {
			isa = XCBuildConfiguration;
			buildSettings = {
				PRODUCT_NAME = "$(TARGET_NAME)";
			};
			name = Debug;
		};
		765FE4121E3A9E0D0059A80C /* Release */ = {
			isa = XCBuildConfiguration;
			buildSettings = {
				PRODUCT_NAME = "$(TARGET_NAME)";
			};
			name = Release;
		};
		D39687D71E43C53100EC6701 /* Debug */ = {
			isa = XCBuildConfiguration;
			buildSettings = {
				MACOSX_DEPLOYMENT_TARGET = 10.12;
				PRODUCT_NAME = "$(TARGET_NAME)";
			};
			name = Debug;
		};
		D39687D81E43C53100EC6701 /* Release */ = {
			isa = XCBuildConfiguration;
			buildSettings = {
				MACOSX_DEPLOYMENT_TARGET = 10.12;
				PRODUCT_NAME = "$(TARGET_NAME)";
			};
			name = Release;
		};
		D39687E31E446B9300EC6701 /* Debug */ = {
			isa = XCBuildConfiguration;
			buildSettings = {
				MACOSX_DEPLOYMENT_TARGET = 10.12;
				PRODUCT_NAME = "$(TARGET_NAME)";
			};
			name = Debug;
		};
		D39687E41E446B9300EC6701 /* Release */ = {
			isa = XCBuildConfiguration;
			buildSettings = {
				MACOSX_DEPLOYMENT_TARGET = 10.12;
				PRODUCT_NAME = "$(TARGET_NAME)";
			};
			name = Release;
		};
		D396A6021E68F16D00601694 /* Debug */ = {
			isa = XCBuildConfiguration;
			buildSettings = {
				MACOSX_DEPLOYMENT_TARGET = 10.12;
				PRODUCT_NAME = "$(TARGET_NAME)";
			};
			name = Debug;
		};
		D396A6031E68F16D00601694 /* Release */ = {
			isa = XCBuildConfiguration;
			buildSettings = {
				MACOSX_DEPLOYMENT_TARGET = 10.12;
				PRODUCT_NAME = "$(TARGET_NAME)";
			};
			name = Release;
		};
		D396A6241E6F513400601694 /* Debug */ = {
			isa = XCBuildConfiguration;
			buildSettings = {
				MACOSX_DEPLOYMENT_TARGET = 10.12;
				PRODUCT_NAME = "$(TARGET_NAME)";
			};
			name = Debug;
		};
		D396A6251E6F513400601694 /* Release */ = {
			isa = XCBuildConfiguration;
			buildSettings = {
				MACOSX_DEPLOYMENT_TARGET = 10.12;
				PRODUCT_NAME = "$(TARGET_NAME)";
			};
			name = Release;
		};
/* End XCBuildConfiguration section */

/* Begin XCConfigurationList section */
		062D7D891E84D79300A2D1F5 /* Build configuration list for PBXNativeTarget "smallest_multiple_ones_and_zeroes" */ = {
			isa = XCConfigurationList;
			buildConfigurations = (
				062D7D871E84D79300A2D1F5 /* Debug */,
				062D7D881E84D79300A2D1F5 /* Release */,
			);
			defaultConfigurationIsVisible = 0;
		};
		0642B4A11E4277B20096C294 /* Build configuration list for PBXNativeTarget "setrange1" */ = {
			isa = XCConfigurationList;
			buildConfigurations = (
				0642B49F1E4277B20096C294 /* Debug */,
				0642B4A01E4277B20096C294 /* Release */,
			);
			defaultConfigurationIsVisible = 0;
			defaultConfigurationName = Release;
		};
		0642B4AA1E428FCC0096C294 /* Build configuration list for PBXNativeTarget "set_insert_remove" */ = {
			isa = XCConfigurationList;
			buildConfigurations = (
				0642B4AB1E428FCC0096C294 /* Debug */,
				0642B4AC1E428FCC0096C294 /* Release */,
			);
			defaultConfigurationIsVisible = 0;
			defaultConfigurationName = Release;
		};
		0642B4B51E4298530096C294 /* Build configuration list for PBXNativeTarget "set1" */ = {
			isa = XCConfigurationList;
			buildConfigurations = (
				0642B4B61E4298530096C294 /* Debug */,
				0642B4B71E4298530096C294 /* Release */,
			);
			defaultConfigurationIsVisible = 0;
			defaultConfigurationName = Release;
		};
		06A938011E81CBED00BE0E09 /* Build configuration list for PBXNativeTarget "mutex1" */ = {
			isa = XCConfigurationList;
			buildConfigurations = (
				06A937FF1E81CBED00BE0E09 /* Debug */,
				06A938001E81CBED00BE0E09 /* Release */,
			);
			defaultConfigurationIsVisible = 0;
			defaultConfigurationName = Release;
		};
		06B06F131E4C3E3F004A0C0B /* Build configuration list for PBXNativeTarget "priority_queue1" */ = {
			isa = XCConfigurationList;
			buildConfigurations = (
				06B06F111E4C3E3F004A0C0B /* Debug */,
				06B06F121E4C3E3F004A0C0B /* Release */,
			);
			defaultConfigurationIsVisible = 0;
			defaultConfigurationName = Release;
		};
		06D866891E7B48A2009B9BFA /* Build configuration list for PBXNativeTarget "async1" */ = {
			isa = XCConfigurationList;
			buildConfigurations = (
				06D866871E7B48A2009B9BFA /* Debug */,
				06D866881E7B48A2009B9BFA /* Release */,
			);
			defaultConfigurationIsVisible = 0;
			defaultConfigurationName = Release;
		};
		765FE3EE1E3984BF0059A80C /* Build configuration list for PBXProject "CPlusPractice" */ = {
			isa = XCConfigurationList;
			buildConfigurations = (
				765FE3F81E3984BF0059A80C /* Debug */,
				765FE3F91E3984BF0059A80C /* Release */,
			);
			defaultConfigurationIsVisible = 0;
			defaultConfigurationName = Release;
		};
		765FE3FA1E3984BF0059A80C /* Build configuration list for PBXNativeTarget "Strings" */ = {
			isa = XCConfigurationList;
			buildConfigurations = (
				765FE3FB1E3984BF0059A80C /* Debug */,
				765FE3FC1E3984BF0059A80C /* Release */,
			);
			defaultConfigurationIsVisible = 0;
			defaultConfigurationName = Release;
		};
		765FE4071E3A70C80059A80C /* Build configuration list for PBXNativeTarget "looping1" */ = {
			isa = XCConfigurationList;
			buildConfigurations = (
				765FE4051E3A70C70059A80C /* Debug */,
				765FE4061E3A70C70059A80C /* Release */,
			);
			defaultConfigurationIsVisible = 0;
			defaultConfigurationName = Release;
		};
		765FE4101E3A9E0D0059A80C /* Build configuration list for PBXNativeTarget "backward_words" */ = {
			isa = XCConfigurationList;
			buildConfigurations = (
				765FE4111E3A9E0D0059A80C /* Debug */,
				765FE4121E3A9E0D0059A80C /* Release */,
			);
			defaultConfigurationIsVisible = 0;
			defaultConfigurationName = Release;
		};
		D39687D91E43C53100EC6701 /* Build configuration list for PBXNativeTarget "segment_tree" */ = {
			isa = XCConfigurationList;
			buildConfigurations = (
				D39687D71E43C53100EC6701 /* Debug */,
				D39687D81E43C53100EC6701 /* Release */,
			);
			defaultConfigurationIsVisible = 0;
			defaultConfigurationName = Release;
		};
		D39687E21E446B9300EC6701 /* Build configuration list for PBXNativeTarget "rmq_dp" */ = {
			isa = XCConfigurationList;
			buildConfigurations = (
				D39687E31E446B9300EC6701 /* Debug */,
				D39687E41E446B9300EC6701 /* Release */,
			);
			defaultConfigurationIsVisible = 0;
			defaultConfigurationName = Release;
		};
		D396A6041E68F16D00601694 /* Build configuration list for PBXNativeTarget "permutation_1" */ = {
			isa = XCConfigurationList;
			buildConfigurations = (
				D396A6021E68F16D00601694 /* Debug */,
				D396A6031E68F16D00601694 /* Release */,
			);
			defaultConfigurationIsVisible = 0;
			defaultConfigurationName = Release;
		};
		D396A6231E6F513400601694 /* Build configuration list for PBXNativeTarget "array_sampling" */ = {
			isa = XCConfigurationList;
			buildConfigurations = (
				D396A6241E6F513400601694 /* Debug */,
				D396A6251E6F513400601694 /* Release */,
			);
			defaultConfigurationIsVisible = 0;
			defaultConfigurationName = Release;
		};
/* End XCConfigurationList section */
	};
	rootObject = 765FE3EB1E3984BF0059A80C /* Project object */;
}
