// !$*UTF8*$!
{
	archiveVersion = 1;
	classes = {
	};
	objectVersion = 46;
	objects = {

/* Begin PBXBuildFile section */
		765FE3F71E3984BF0059A80C /* main.cpp in Sources */ = {isa = PBXBuildFile; fileRef = 765FE3F61E3984BF0059A80C /* main.cpp */; };
		765FE4041E3A70C70059A80C /* main.cpp in Sources */ = {isa = PBXBuildFile; fileRef = 765FE4031E3A70C70059A80C /* main.cpp */; };
		765FE40F1E3A9E0D0059A80C /* main.cpp in Sources */ = {isa = PBXBuildFile; fileRef = 765FE40E1E3A9E0D0059A80C /* main.cpp */; };
/* End PBXBuildFile section */

/* Begin PBXCopyFilesBuildPhase section */
		765FE3F11E3984BF0059A80C /* CopyFiles */ = {
			isa = PBXCopyFilesBuildPhase;
			buildActionMask = 2147483647;
			dstPath = /usr/share/man/man1/;
			dstSubfolderSpec = 0;
			files = (
			);
			runOnlyForDeploymentPostprocessing = 1;
		};
		765FE3FF1E3A70C70059A80C /* CopyFiles */ = {
			isa = PBXCopyFilesBuildPhase;
			buildActionMask = 2147483647;
			dstPath = /usr/share/man/man1/;
			dstSubfolderSpec = 0;
			files = (
			);
			runOnlyForDeploymentPostprocessing = 1;
		};
		765FE40A1E3A9E0D0059A80C /* CopyFiles */ = {
			isa = PBXCopyFilesBuildPhase;
			buildActionMask = 2147483647;
			dstPath = /usr/share/man/man1/;
			dstSubfolderSpec = 0;
			files = (
			);
			runOnlyForDeploymentPostprocessing = 1;
		};
/* End PBXCopyFilesBuildPhase section */

/* Begin PBXFileReference section */
		765FE3F31E3984BF0059A80C /* Strings */ = {isa = PBXFileReference; explicitFileType = "compiled.mach-o.executable"; includeInIndex = 0; path = Strings; sourceTree = BUILT_PRODUCTS_DIR; };
		765FE3F61E3984BF0059A80C /* main.cpp */ = {isa = PBXFileReference; lastKnownFileType = sourcecode.cpp.cpp; path = main.cpp; sourceTree = "<group>"; };
		765FE4011E3A70C70059A80C /* looping1 */ = {isa = PBXFileReference; explicitFileType = "compiled.mach-o.executable"; includeInIndex = 0; path = looping1; sourceTree = BUILT_PRODUCTS_DIR; };
		765FE4031E3A70C70059A80C /* main.cpp */ = {isa = PBXFileReference; lastKnownFileType = sourcecode.cpp.cpp; path = main.cpp; sourceTree = "<group>"; };
		765FE40C1E3A9E0D0059A80C /* backward_words */ = {isa = PBXFileReference; explicitFileType = "compiled.mach-o.executable"; includeInIndex = 0; path = backward_words; sourceTree = BUILT_PRODUCTS_DIR; };
		765FE40E1E3A9E0D0059A80C /* main.cpp */ = {isa = PBXFileReference; lastKnownFileType = sourcecode.cpp.cpp; path = main.cpp; sourceTree = "<group>"; };
/* End PBXFileReference section */

/* Begin PBXFrameworksBuildPhase section */
		765FE3F01E3984BF0059A80C /* Frameworks */ = {
			isa = PBXFrameworksBuildPhase;
			buildActionMask = 2147483647;
			files = (
			);
			runOnlyForDeploymentPostprocessing = 0;
		};
		765FE3FE1E3A70C70059A80C /* Frameworks */ = {
			isa = PBXFrameworksBuildPhase;
			buildActionMask = 2147483647;
			files = (
			);
			runOnlyForDeploymentPostprocessing = 0;
		};
		765FE4091E3A9E0D0059A80C /* Frameworks */ = {
			isa = PBXFrameworksBuildPhase;
			buildActionMask = 2147483647;
			files = (
			);
			runOnlyForDeploymentPostprocessing = 0;
		};
/* End PBXFrameworksBuildPhase section */

/* Begin PBXGroup section */
		765FE3EA1E3984BF0059A80C = {
			isa = PBXGroup;
			children = (
				765FE3F51E3984BF0059A80C /* Strings */,
				765FE4021E3A70C70059A80C /* looping1 */,
				765FE40D1E3A9E0D0059A80C /* backward_words */,
				765FE3F41E3984BF0059A80C /* Products */,
			);
			sourceTree = "<group>";
		};
		765FE3F41E3984BF0059A80C /* Products */ = {
			isa = PBXGroup;
			children = (
				765FE3F31E3984BF0059A80C /* Strings */,
				765FE4011E3A70C70059A80C /* looping1 */,
				765FE40C1E3A9E0D0059A80C /* backward_words */,
			);
			name = Products;
			sourceTree = "<group>";
		};
		765FE3F51E3984BF0059A80C /* Strings */ = {
			isa = PBXGroup;
			children = (
				765FE3F61E3984BF0059A80C /* main.cpp */,
			);
			name = Strings;
			path = CPlusPractice;
			sourceTree = "<group>";
		};
		765FE4021E3A70C70059A80C /* looping1 */ = {
			isa = PBXGroup;
			children = (
				765FE4031E3A70C70059A80C /* main.cpp */,
			);
			path = looping1;
			sourceTree = "<group>";
		};
		765FE40D1E3A9E0D0059A80C /* backward_words */ = {
			isa = PBXGroup;
			children = (
				765FE40E1E3A9E0D0059A80C /* main.cpp */,
			);
			path = backward_words;
			sourceTree = "<group>";
		};
/* End PBXGroup section */

/* Begin PBXNativeTarget section */
		765FE3F21E3984BF0059A80C /* Strings */ = {
			isa = PBXNativeTarget;
			buildConfigurationList = 765FE3FA1E3984BF0059A80C /* Build configuration list for PBXNativeTarget "Strings" */;
			buildPhases = (
				765FE3EF1E3984BF0059A80C /* Sources */,
				765FE3F01E3984BF0059A80C /* Frameworks */,
				765FE3F11E3984BF0059A80C /* CopyFiles */,
			);
			buildRules = (
			);
			dependencies = (
			);
			name = Strings;
			productName = CPlusPractice;
			productReference = 765FE3F31E3984BF0059A80C /* Strings */;
			productType = "com.apple.product-type.tool";
		};
		765FE4001E3A70C70059A80C /* looping1 */ = {
			isa = PBXNativeTarget;
			buildConfigurationList = 765FE4071E3A70C80059A80C /* Build configuration list for PBXNativeTarget "looping1" */;
			buildPhases = (
				765FE3FD1E3A70C70059A80C /* Sources */,
				765FE3FE1E3A70C70059A80C /* Frameworks */,
				765FE3FF1E3A70C70059A80C /* CopyFiles */,
			);
			buildRules = (
			);
			dependencies = (
			);
			name = looping1;
			productName = looping1;
			productReference = 765FE4011E3A70C70059A80C /* looping1 */;
			productType = "com.apple.product-type.tool";
		};
		765FE40B1E3A9E0D0059A80C /* backward_words */ = {
			isa = PBXNativeTarget;
			buildConfigurationList = 765FE4101E3A9E0D0059A80C /* Build configuration list for PBXNativeTarget "backward_words" */;
			buildPhases = (
				765FE4081E3A9E0D0059A80C /* Sources */,
				765FE4091E3A9E0D0059A80C /* Frameworks */,
				765FE40A1E3A9E0D0059A80C /* CopyFiles */,
			);
			buildRules = (
			);
			dependencies = (
			);
			name = backward_words;
			productName = backward_words;
			productReference = 765FE40C1E3A9E0D0059A80C /* backward_words */;
			productType = "com.apple.product-type.tool";
		};
/* End PBXNativeTarget section */

/* Begin PBXProject section */
		765FE3EB1E3984BF0059A80C /* Project object */ = {
			isa = PBXProject;
			attributes = {
				LastUpgradeCheck = 0820;
				ORGANIZATIONNAME = "Ambreen Haleem";
				TargetAttributes = {
					765FE3F21E3984BF0059A80C = {
						CreatedOnToolsVersion = 8.2.1;
						ProvisioningStyle = Automatic;
					};
					765FE4001E3A70C70059A80C = {
						CreatedOnToolsVersion = 8.2.1;
						ProvisioningStyle = Automatic;
					};
					765FE40B1E3A9E0D0059A80C = {
						CreatedOnToolsVersion = 8.2.1;
						ProvisioningStyle = Automatic;
					};
				};
			};
			buildConfigurationList = 765FE3EE1E3984BF0059A80C /* Build configuration list for PBXProject "CPlusPractice" */;
			compatibilityVersion = "Xcode 3.2";
			developmentRegion = English;
			hasScannedForEncodings = 0;
			knownRegions = (
				en,
			);
			mainGroup = 765FE3EA1E3984BF0059A80C;
			productRefGroup = 765FE3F41E3984BF0059A80C /* Products */;
			projectDirPath = "";
			projectRoot = "";
			targets = (
				765FE3F21E3984BF0059A80C /* Strings */,
				765FE4001E3A70C70059A80C /* looping1 */,
				765FE40B1E3A9E0D0059A80C /* backward_words */,
			);
		};
/* End PBXProject section */

/* Begin PBXSourcesBuildPhase section */
		765FE3EF1E3984BF0059A80C /* Sources */ = {
			isa = PBXSourcesBuildPhase;
			buildActionMask = 2147483647;
			files = (
				765FE3F71E3984BF0059A80C /* main.cpp in Sources */,
			);
			runOnlyForDeploymentPostprocessing = 0;
		};
		765FE3FD1E3A70C70059A80C /* Sources */ = {
			isa = PBXSourcesBuildPhase;
			buildActionMask = 2147483647;
			files = (
				765FE4041E3A70C70059A80C /* main.cpp in Sources */,
			);
			runOnlyForDeploymentPostprocessing = 0;
		};
		765FE4081E3A9E0D0059A80C /* Sources */ = {
			isa = PBXSourcesBuildPhase;
			buildActionMask = 2147483647;
			files = (
				765FE40F1E3A9E0D0059A80C /* main.cpp in Sources */,
			);
			runOnlyForDeploymentPostprocessing = 0;
		};
/* End PBXSourcesBuildPhase section */

/* Begin XCBuildConfiguration section */
		765FE3F81E3984BF0059A80C /* Debug */ = {
			isa = XCBuildConfiguration;
			buildSettings = {
				ALWAYS_SEARCH_USER_PATHS = NO;
				CLANG_ANALYZER_NONNULL = YES;
				CLANG_CXX_LANGUAGE_STANDARD = "gnu++0x";
				CLANG_CXX_LIBRARY = "libc++";
				CLANG_ENABLE_MODULES = YES;
				CLANG_ENABLE_OBJC_ARC = YES;
				CLANG_WARN_BOOL_CONVERSION = YES;
				CLANG_WARN_CONSTANT_CONVERSION = YES;
				CLANG_WARN_DIRECT_OBJC_ISA_USAGE = YES_ERROR;
				CLANG_WARN_DOCUMENTATION_COMMENTS = YES;
				CLANG_WARN_EMPTY_BODY = YES;
				CLANG_WARN_ENUM_CONVERSION = YES;
				CLANG_WARN_INFINITE_RECURSION = YES;
				CLANG_WARN_INT_CONVERSION = YES;
				CLANG_WARN_OBJC_ROOT_CLASS = YES_ERROR;
				CLANG_WARN_SUSPICIOUS_MOVE = YES;
				CLANG_WARN_UNREACHABLE_CODE = YES;
				CLANG_WARN__DUPLICATE_METHOD_MATCH = YES;
				CODE_SIGN_IDENTITY = "-";
				COPY_PHASE_STRIP = NO;
				DEBUG_INFORMATION_FORMAT = dwarf;
				ENABLE_STRICT_OBJC_MSGSEND = YES;
				ENABLE_TESTABILITY = YES;
				GCC_C_LANGUAGE_STANDARD = gnu99;
				GCC_DYNAMIC_NO_PIC = NO;
				GCC_NO_COMMON_BLOCKS = YES;
				GCC_OPTIMIZATION_LEVEL = 0;
				GCC_PREPROCESSOR_DEFINITIONS = (
					"DEBUG=1",
					"$(inherited)",
				);
				GCC_WARN_64_TO_32_BIT_CONVERSION = YES;
				GCC_WARN_ABOUT_RETURN_TYPE = YES_ERROR;
				GCC_WARN_UNDECLARED_SELECTOR = YES;
				GCC_WARN_UNINITIALIZED_AUTOS = YES_AGGRESSIVE;
				GCC_WARN_UNUSED_FUNCTION = YES;
				GCC_WARN_UNUSED_VARIABLE = YES;
				MACOSX_DEPLOYMENT_TARGET = 10.11;
				MTL_ENABLE_DEBUG_INFO = YES;
				ONLY_ACTIVE_ARCH = YES;
				SDKROOT = macosx;
			};
			name = Debug;
		};
		765FE3F91E3984BF0059A80C /* Release */ = {
			isa = XCBuildConfiguration;
			buildSettings = {
				ALWAYS_SEARCH_USER_PATHS = NO;
				CLANG_ANALYZER_NONNULL = YES;
				CLANG_CXX_LANGUAGE_STANDARD = "gnu++0x";
				CLANG_CXX_LIBRARY = "libc++";
				CLANG_ENABLE_MODULES = YES;
				CLANG_ENABLE_OBJC_ARC = YES;
				CLANG_WARN_BOOL_CONVERSION = YES;
				CLANG_WARN_CONSTANT_CONVERSION = YES;
				CLANG_WARN_DIRECT_OBJC_ISA_USAGE = YES_ERROR;
				CLANG_WARN_DOCUMENTATION_COMMENTS = YES;
				CLANG_WARN_EMPTY_BODY = YES;
				CLANG_WARN_ENUM_CONVERSION = YES;
				CLANG_WARN_INFINITE_RECURSION = YES;
				CLANG_WARN_INT_CONVERSION = YES;
				CLANG_WARN_OBJC_ROOT_CLASS = YES_ERROR;
				CLANG_WARN_SUSPICIOUS_MOVE = YES;
				CLANG_WARN_UNREACHABLE_CODE = YES;
				CLANG_WARN__DUPLICATE_METHOD_MATCH = YES;
				CODE_SIGN_IDENTITY = "-";
				COPY_PHASE_STRIP = NO;
				DEBUG_INFORMATION_FORMAT = "dwarf-with-dsym";
				ENABLE_NS_ASSERTIONS = NO;
				ENABLE_STRICT_OBJC_MSGSEND = YES;
				GCC_C_LANGUAGE_STANDARD = gnu99;
				GCC_NO_COMMON_BLOCKS = YES;
				GCC_WARN_64_TO_32_BIT_CONVERSION = YES;
				GCC_WARN_ABOUT_RETURN_TYPE = YES_ERROR;
				GCC_WARN_UNDECLARED_SELECTOR = YES;
				GCC_WARN_UNINITIALIZED_AUTOS = YES_AGGRESSIVE;
				GCC_WARN_UNUSED_FUNCTION = YES;
				GCC_WARN_UNUSED_VARIABLE = YES;
				MACOSX_DEPLOYMENT_TARGET = 10.11;
				MTL_ENABLE_DEBUG_INFO = NO;
				SDKROOT = macosx;
			};
			name = Release;
		};
		765FE3FB1E3984BF0059A80C /* Debug */ = {
			isa = XCBuildConfiguration;
			buildSettings = {
				PRODUCT_NAME = "$(TARGET_NAME)";
			};
			name = Debug;
		};
		765FE3FC1E3984BF0059A80C /* Release */ = {
			isa = XCBuildConfiguration;
			buildSettings = {
				PRODUCT_NAME = "$(TARGET_NAME)";
			};
			name = Release;
		};
		765FE4051E3A70C70059A80C /* Debug */ = {
			isa = XCBuildConfiguration;
			buildSettings = {
				PRODUCT_NAME = "$(TARGET_NAME)";
			};
			name = Debug;
		};
		765FE4061E3A70C70059A80C /* Release */ = {
			isa = XCBuildConfiguration;
			buildSettings = {
				PRODUCT_NAME = "$(TARGET_NAME)";
			};
			name = Release;
		};
		765FE4111E3A9E0D0059A80C /* Debug */ = {
			isa = XCBuildConfiguration;
			buildSettings = {
				PRODUCT_NAME = "$(TARGET_NAME)";
			};
			name = Debug;
		};
		765FE4121E3A9E0D0059A80C /* Release */ = {
			isa = XCBuildConfiguration;
			buildSettings = {
				PRODUCT_NAME = "$(TARGET_NAME)";
			};
			name = Release;
		};
/* End XCBuildConfiguration section */

/* Begin XCConfigurationList section */
		765FE3EE1E3984BF0059A80C /* Build configuration list for PBXProject "CPlusPractice" */ = {
			isa = XCConfigurationList;
			buildConfigurations = (
				765FE3F81E3984BF0059A80C /* Debug */,
				765FE3F91E3984BF0059A80C /* Release */,
			);
			defaultConfigurationIsVisible = 0;
			defaultConfigurationName = Release;
		};
		765FE3FA1E3984BF0059A80C /* Build configuration list for PBXNativeTarget "Strings" */ = {
			isa = XCConfigurationList;
			buildConfigurations = (
				765FE3FB1E3984BF0059A80C /* Debug */,
				765FE3FC1E3984BF0059A80C /* Release */,
			);
			defaultConfigurationIsVisible = 0;
			defaultConfigurationName = Release;
		};
		765FE4071E3A70C80059A80C /* Build configuration list for PBXNativeTarget "looping1" */ = {
			isa = XCConfigurationList;
			buildConfigurations = (
				765FE4051E3A70C70059A80C /* Debug */,
				765FE4061E3A70C70059A80C /* Release */,
			);
			defaultConfigurationIsVisible = 0;
		};
		765FE4101E3A9E0D0059A80C /* Build configuration list for PBXNativeTarget "backward_words" */ = {
			isa = XCConfigurationList;
			buildConfigurations = (
				765FE4111E3A9E0D0059A80C /* Debug */,
				765FE4121E3A9E0D0059A80C /* Release */,
			);
			defaultConfigurationIsVisible = 0;
		};
/* End XCConfigurationList section */
	};
	rootObject = 765FE3EB1E3984BF0059A80C /* Project object */;
}
